
Microsoft Visual Studio Solution File, Format Version 12.00
# Visual Studio Version 17
VisualStudioVersion = 17.8.34302.71
MinimumVisualStudioVersion = 10.0.40219.1
Project("{9A19103F-16F7-4668-BE54-9A1E7A4F7556}") = "redmuffin.Blazor.Static", "src\redmuffin.Blazor.Static\redmuffin.Blazor.Static.csproj", "{D9ADB30C-BA1B-4438-AB86-39218049483F}"
EndProject
Project("{2150E333-8FDC-42A3-9474-1A3956D46DE8}") = "Solution items", "Solution items", "{35F3AA64-4519-477B-A0F0-BDCD1DCFFD8A}"
	ProjectSection(SolutionItems) = preProject
		.editorconfig = .editorconfig
		.gitattributes = .gitattributes
		.gitignore = .gitignore
		.github\workflows\azure-static-web-apps-lively-cliff-0945be603.yml = .github\workflows\azure-static-web-apps-lively-cliff-0945be603.yml
		.github\workflows\codeql.yml = .github\workflows\codeql.yml
		.github\copilot-instructions.md = .github\copilot-instructions.md
		Directory.Build.props = Directory.Build.props
		global.json = global.json
		tools\install-libman.ps1 = tools\install-libman.ps1
		libman.json = libman.json
		markdown-cheat-sheet.md = markdown-cheat-sheet.md
		README.md = README.md
		.github\workflows\sonarcloud.yml = .github\workflows\sonarcloud.yml
	EndProjectSection
EndProject
Global
	GlobalSection(SolutionConfigurationPlatforms) = preSolution
		Debug|Any CPU = Debug|Any CPU
		Release|Any CPU = Release|Any CPU
	EndGlobalSection
	GlobalSection(ProjectConfigurationPlatforms) = postSolution
		{D9ADB30C-BA1B-4438-AB86-39218049483F}.Debug|Any CPU.ActiveCfg = Debug|Any CPU
		{D9ADB30C-BA1B-4438-AB86-39218049483F}.Debug|Any CPU.Build.0 = Debug|Any CPU
		{D9ADB30C-BA1B-4438-AB86-39218049483F}.Release|Any CPU.ActiveCfg = Release|Any CPU
		{D9ADB30C-BA1B-4438-AB86-39218049483F}.Release|Any CPU.Build.0 = Release|Any CPU
	EndGlobalSection
	GlobalSection(SolutionProperties) = preSolution
		HideSolutionNode = FALSE
	EndGlobalSection
	GlobalSection(ExtensibilityGlobals) = postSolution
		SolutionGuid = {A0087A1A-355D-4454-AE85-D0509704B21F}
	EndGlobalSection
EndGlobal
